
Microsoft Visual Studio Solution File, Format Version 12.00
# Visual Studio Version 17
VisualStudioVersion = 17.14.36414.22 d17.14
MinimumVisualStudioVersion = 10.0.40219.1
Project("{FAE04EC0-301F-11D3-BF4B-00C04F79EFBC}") = "Demo.Core", "Demo.Core\Demo.Core.csproj", "{478740C0-7A9B-42CD-B994-6C8AAE381EAF}"
EndProject
Global
	GlobalSection(SolutionConfigurationPlatforms) = preSolution
		Debug|Any CPU = Debug|Any CPU
		Release|Any CPU = Release|Any CPU
	EndGlobalSection
	GlobalSection(ProjectConfigurationPlatforms) = postSolution
		{478740C0-7A9B-42CD-B994-6C8AAE381EAF}.Debug|Any CPU.ActiveCfg = Debug|Any CPU
		{478740C0-7A9B-42CD-B994-6C8AAE381EAF}.Debug|Any CPU.Build.0 = Debug|Any CPU
		{478740C0-7A9B-42CD-B994-6C8AAE381EAF}.Release|Any CPU.ActiveCfg = Release|Any CPU
		{478740C0-7A9B-42CD-B994-6C8AAE381EAF}.Release|Any CPU.Build.0 = Release|Any CPU
	EndGlobalSection
	GlobalSection(SolutionProperties) = preSolution
		HideSolutionNode = FALSE
	EndGlobalSection
	GlobalSection(ExtensibilityGlobals) = postSolution
		SolutionGuid = {3FF6F0F7-A3E2-475E-93B7-01DBC0F3D2F5}
	EndGlobalSection
EndGlobal
